
Microsoft Visual Studio Solution File, Format Version 12.00
# Visual Studio Version 17
VisualStudioVersion = 17.0.31903.59
MinimumVisualStudioVersion = 10.0.40219.1
Project("{9A19103F-16F7-4668-BE54-9A1E7A4F7556}") = "UPro.Core.Api", "UPro.Core.Api\UPro.Core.Api.csproj", "{9ACFE968-974C-4C6E-AB70-F28B7AD6318A}"
EndProject
Project("{FAE04EC0-301F-11D3-BF4B-00C04F79EFBC}") = "UPro.Core.Infrastructure", "UPro.Core.Infrastructure\UPro.Core.Infrastructure.csproj", "{DD31EFC4-ED8D-4C2B-9FCC-03264EC04988}"
EndProject
Global
	GlobalSection(SolutionConfigurationPlatforms) = preSolution
		Debug|Any CPU = Debug|Any CPU
		Release|Any CPU = Release|Any CPU
	EndGlobalSection
	GlobalSection(ProjectConfigurationPlatforms) = postSolution
		{9ACFE968-974C-4C6E-AB70-F28B7AD6318A}.Debug|Any CPU.ActiveCfg = Debug|Any CPU
		{9ACFE968-974C-4C6E-AB70-F28B7AD6318A}.Debug|Any CPU.Build.0 = Debug|Any CPU
		{9ACFE968-974C-4C6E-AB70-F28B7AD6318A}.Release|Any CPU.ActiveCfg = Release|Any CPU
		{9ACFE968-974C-4C6E-AB70-F28B7AD6318A}.Release|Any CPU.Build.0 = Release|Any CPU
		{DD31EFC4-ED8D-4C2B-9FCC-03264EC04988}.Debug|Any CPU.ActiveCfg = Debug|Any CPU
		{DD31EFC4-ED8D-4C2B-9FCC-03264EC04988}.Debug|Any CPU.Build.0 = Debug|Any CPU
		{DD31EFC4-ED8D-4C2B-9FCC-03264EC04988}.Release|Any CPU.ActiveCfg = Release|Any CPU
		{DD31EFC4-ED8D-4C2B-9FCC-03264EC04988}.Release|Any CPU.Build.0 = Release|Any CPU
	EndGlobalSection
	GlobalSection(SolutionProperties) = preSolution
		HideSolutionNode = FALSE
	EndGlobalSection
	GlobalSection(ExtensibilityGlobals) = postSolution
		SolutionGuid = {12044034-4DA1-44FE-A54D-156FB94C8F85}
	EndGlobalSection
EndGlobal
